{
  "name": "html",
  "version": "0.1.0",
  "dependencies": {
    "vscode-jsonrpc": {
      "version": "3.0.4",
      "from": "vscode-jsonrpc@>=3.0.3 <4.0.0",
      "resolved": "https://registry.npmjs.org/vscode-jsonrpc/-/vscode-jsonrpc-3.0.4.tgz"
    },
    "vscode-languageclient": {
      "version": "3.0.4",
      "from": "vscode-languageclient@>=3.0.4 <4.0.0",
      "resolved": "https://registry.npmjs.org/vscode-languageclient/-/vscode-languageclient-3.0.4.tgz"
    },
    "vscode-languageserver-types": {
      "version": "3.0.3",
      "from": "vscode-languageserver-types@>=3.0.3 <4.0.0",
      "resolved": "https://registry.npmjs.org/vscode-languageserver-types/-/vscode-languageserver-types-3.0.3.tgz"
    }
  }
}
