# THIS IS AN AUTOGENERATED FILE. DO NOT EDIT THIS FILE DIRECTLY.
# yarn lockfile v1


vue-class-component@^7.0.2:
  version "7.0.2"
  resolved "https://registry.yarnpkg.com/vue-class-component/-/vue-class-component-7.0.2.tgz#c5f35a91c0e9341532392b84d606a84911fb13bc"
  integrity sha512-8xw/wkZI2tgHcwvkSRC1ax7GeP1CG27wKhedvOAdjdASm05VU4RijGsCYti6s6CzBioBL5BQUmntQQTCsp1wnQ==

vue-router@^3.0.6:
  version "3.0.6"
  resolved "https://registry.yarnpkg.com/vue-router/-/vue-router-3.0.6.tgz#2e4f0f9cbb0b96d0205ab2690cfe588935136ac3"
  integrity sha512-Ox0ciFLswtSGRTHYhGvx2L44sVbTPNS+uD2kRISuo8B39Y79rOo0Kw0hzupTmiVtftQYCZl87mwldhh2L9Aquw==

vue@^2.6.10:
  version "2.6.10"
  resolved "https://registry.yarnpkg.com/vue/-/vue-2.6.10.tgz#a72b1a42a4d82a721ea438d1b6bf55e66195c637"
  integrity sha512-ImThpeNU9HbdZL3utgMCq0oiMzAkt1mcgy3/E6zWC/G6AaQoeuFdsl9nDhTDU3X1R6FK7nsIUuRACVcjI+A2GQ==

vuex@^3.1.0:
  version "3.1.0"
  resolved "https://registry.yarnpkg.com/vuex/-/vuex-3.1.0.tgz#634b81515cf0cfe976bd1ffe9601755e51f843b9"
  integrity sha512-mdHeHT/7u4BncpUZMlxNaIdcN/HIt1GsGG5LKByArvYG/v6DvHcOxvDCts+7SRdCoIRGllK8IMZvQtQXLppDYg==
