# THIS IS AN AUTOGENERATED FILE. DO NOT EDIT THIS FILE DIRECTLY.
# yarn lockfile v1


vue-class-component@^7.2.5:
  version "7.2.5"
  resolved "https://registry.yarnpkg.com/vue-class-component/-/vue-class-component-7.2.5.tgz#212b3548c4fdd3314774c4adbc1c3792a40b52d0"
  integrity sha512-0CSftHY0bDTD+4FbYkuFf6+iKDjZ4h2in2YYJDRMk5daZIjrgT9LjFHvP7Rzqy9/s1pij3zDtTSLRUjsPWMwqg==

vue-property-decorator@^9.0.0:
  version "9.0.0"
  resolved "https://registry.yarnpkg.com/vue-property-decorator/-/vue-property-decorator-9.0.0.tgz#0a5f6d47d33ca62a8876108ccfa65c2c4fb7325a"
  integrity sha512-oegTNPItuHOkW0AP1MnbdNwkmyhfsUIIXvIRHpgC18tVoEo21/i6kItyeekjMs8JgZJeuHzsaTc/DZaJFH4IWQ==

vue-router@^3.3.4:
  version "3.3.4"
  resolved "https://registry.yarnpkg.com/vue-router/-/vue-router-3.3.4.tgz#4e38abc34a11c41b6c3d8244449a2e363ba6250b"
  integrity sha512-SdKRBeoXUjaZ9R/8AyxsdTqkOfMcI5tWxPZOUX5Ie1BTL5rPSZ0O++pbiZCeYeythiZIdLEfkDiQPKIaWk5hDg==

vue@^2.6.11:
  version "2.6.11"
  resolved "https://registry.yarnpkg.com/vue/-/vue-2.6.11.tgz#76594d877d4b12234406e84e35275c6d514125c5"
  integrity sha512-VfPwgcGABbGAue9+sfrD4PuwFar7gPb1yl1UK1MwXoQPAw0BKSqWfoYCT/ThFrdEVWoI51dBuyCoiNU9bZDZxQ==

vuex@^3.5.1:
  version "3.5.1"
  resolved "https://registry.yarnpkg.com/vuex/-/vuex-3.5.1.tgz#f1b8dcea649bc25254cf4f4358081dbf5da18b3d"
  integrity sha512-w7oJzmHQs0FM9LXodfskhw9wgKBiaB+totOdb8sNzbTB2KDCEEwEs29NzBZFh/lmEK1t5tDmM1vtsO7ubG1DFw==
