{
  "name": "vue-language-server",
  "version": "0.0.1",
  "lockfileVersion": 1,
  "dependencies": {
    "@types/js-beautify": {
      "version": "0.0.30",
      "resolved": "http://registry.npm.taobao.org/@types/js-beautify/download/@types/js-beautify-0.0.30.tgz",
      "integrity": "sha1-gv++ssLexZLx0EFp6SaRLu7VZ+w=",
      "dev": true
    },
    "@types/lodash": {
      "version": "4.14.65",
      "resolved": "http://registry.npm.taobao.org/@types/lodash/download/@types/lodash-4.14.65.tgz",
      "integrity": "sha1-oPeNcf/NPAJijV9hZBDJjEJDJtU=",
      "dev": true
    },
    "@types/mocha": {
      "version": "https://registry.npm.taobao.org/@types/mocha/download/@types/mocha-2.2.41.tgz",
      "integrity": "sha1-4nzwgXFT658nE7LT9saPHhw8pgg=",
      "dev": true
    },
    "@types/node": {
      "version": "6.0.77",
      "resolved": "http://registry.npm.taobao.org/@types/node/download/@types/node-6.0.77.tgz",
      "integrity": "sha1-Pk1WmkJ/FwheHuTs08Mb77Vq97U=",
      "dev": true
    },
    "abbrev": {
      "version": "1.1.0",
      "resolved": "http://registry.npm.taobao.org/abbrev/download/abbrev-1.1.0.tgz",
      "integrity": "sha1-0FVMIlZjbi9W58LlrRg/hZQo2B8="
    },
    "amdefine": {
      "version": "1.0.1",
      "resolved": "http://registry.npm.taobao.org/amdefine/download/amdefine-1.0.1.tgz",
      "integrity": "sha1-SlKCrBZHKek2Gbz9OtFR+BfOkfU="
    },
    "balanced-match": {
      "version": "0.4.2",
      "resolved": "http://registry.npm.taobao.org/balanced-match/download/balanced-match-0.4.2.tgz",
      "integrity": "sha1-yz8+PHMtwPAe5wtAPzAuYddwmDg="
    },
    "bluebird": {
      "version": "3.5.0",
      "resolved": "http://registry.npm.taobao.org/bluebird/download/bluebird-3.5.0.tgz",
      "integrity": "sha1-eRQg1/VR7qKJdFOop3ZT+WYG1nw="
    },
    "brace-expansion": {
      "version": "1.1.7",
      "resolved": "http://registry.npm.taobao.org/brace-expansion/download/brace-expansion-1.1.7.tgz",
      "integrity": "sha1-Pv/DxQ4ABTH7cg6v+A8K6O8jz1k="
    },
    "browser-stdout": {
      "version": "1.3.0",
      "resolved": "http://registry.npm.taobao.org/browser-stdout/download/browser-stdout-1.3.0.tgz",
      "integrity": "sha1-81HTKWnTL6XXpVZxVCY9korjvR8=",
      "dev": true
    },
    "commander": {
      "version": "2.9.0",
      "resolved": "http://registry.npm.taobao.org/commander/download/commander-2.9.0.tgz",
      "integrity": "sha1-nJkJQXbhIkDLItbFFGCYQA/g99Q="
    },
    "concat-map": {
      "version": "0.0.1",
      "resolved": "http://registry.npm.taobao.org/concat-map/download/concat-map-0.0.1.tgz",
      "integrity": "sha1-2Klr13/Wjfd5OnMDajug1UBdR3s="
    },
    "config-chain": {
      "version": "1.1.11",
      "resolved": "http://registry.npm.taobao.org/config-chain/download/config-chain-1.1.11.tgz",
      "integrity": "sha1-q6CXR9++TD5w52am5BWG4YWfxvI="
    },
    "css-parse": {
      "version": "1.7.0",
      "resolved": "http://registry.npm.taobao.org/css-parse/download/css-parse-1.7.0.tgz",
      "integrity": "sha1-Mh9s9zeCpv91ERE5D8BeLGV9jJs="
    },
    "de-indent": {
      "version": "https://registry.npmjs.org/de-indent/-/de-indent-1.0.2.tgz",
      "integrity": "sha1-sgOOhG3DO6pXlhKNCAS0VbjB4h0="
    },
    "debug": {
      "version": "2.6.0",
      "resolved": "http://registry.npm.taobao.org/debug/download/debug-2.6.0.tgz",
      "integrity": "sha1-vFlryr52F/Edn6FTYe3tVgi4SZs="
    },
    "diff": {
      "version": "3.2.0",
      "resolved": "http://registry.npm.taobao.org/diff/download/diff-3.2.0.tgz",
      "integrity": "sha1-yc45Okt8vQsFinJck98pkCeGj/k=",
      "dev": true
    },
    "editorconfig": {
      "version": "0.13.2",
      "resolved": "http://registry.npm.taobao.org/editorconfig/download/editorconfig-0.13.2.tgz",
      "integrity": "sha1-jleSbZ7mmrbLmZ8CfCFxRnrM6zU="
    },
    "escape-string-regexp": {
      "version": "1.0.5",
      "resolved": "http://registry.npm.taobao.org/escape-string-regexp/download/escape-string-regexp-1.0.5.tgz",
      "integrity": "sha1-G2HAViGQqN/2rjuyzwIAyhMLhtQ=",
      "dev": true
    },
    "fs.realpath": {
      "version": "1.0.0",
      "resolved": "http://registry.npm.taobao.org/fs.realpath/download/fs.realpath-1.0.0.tgz",
      "integrity": "sha1-FQStJSMVjKpA20onh8sBQRmU6k8="
    },
    "glob": {
      "version": "7.1.1",
      "resolved": "http://registry.npm.taobao.org/glob/download/glob-7.1.1.tgz",
      "integrity": "sha1-gFIR3wT6rxxjo2ADBs31reULLsg=",
      "dev": true
    },
    "graceful-readlink": {
      "version": "1.0.1",
      "resolved": "http://registry.npm.taobao.org/graceful-readlink/download/graceful-readlink-1.0.1.tgz",
      "integrity": "sha1-TK+tdrxi8C+gObL5Tpo906ORpyU="
    },
    "growl": {
      "version": "1.9.2",
      "resolved": "http://registry.npm.taobao.org/growl/download/growl-1.9.2.tgz",
      "integrity": "sha1-Dqd0NxXbjY3ixe3hd14bRayFwC8=",
      "dev": true
    },
    "has-flag": {
      "version": "1.0.0",
      "resolved": "http://registry.npm.taobao.org/has-flag/download/has-flag-1.0.0.tgz",
      "integrity": "sha1-nZ55MWXOAXoA8AQYxD+UKnsdEfo=",
      "dev": true
    },
    "he": {
      "version": "https://registry.npmjs.org/he/-/he-1.1.1.tgz",
      "integrity": "sha1-k0EP0hsAlzUVH4howvJx80J+I/0="
    },
    "inflight": {
      "version": "1.0.6",
      "resolved": "http://registry.npm.taobao.org/inflight/download/inflight-1.0.6.tgz",
      "integrity": "sha1-Sb1jMdfQLQwJvJEKEHW6gWW1bfk="
    },
    "inherits": {
      "version": "2.0.3",
      "resolved": "http://registry.npm.taobao.org/inherits/download/inherits-2.0.3.tgz",
      "integrity": "sha1-Yzwsg+PaQqUC9SRmAiSA9CCCYd4="
    },
    "ini": {
      "version": "1.3.4",
      "resolved": "http://registry.npm.taobao.org/ini/download/ini-1.3.4.tgz",
      "integrity": "sha1-BTfLedr1m1mhpRff9wbIbsA5Fi4="
    },
    "js-beautify": {
      "version": "1.6.14",
      "resolved": "http://registry.npm.taobao.org/js-beautify/download/js-beautify-1.6.14.tgz",
      "integrity": "sha1-07j3Mi0CuSd9WL0jgmTDJ+WARM0="
    },
    "json3": {
      "version": "3.3.2",
      "resolved": "http://registry.npm.taobao.org/json3/download/json3-3.3.2.tgz",
      "integrity": "sha1-PAQ0dD35Pi9cQq7nsZvLSDV19OE=",
      "dev": true
    },
    "lodash": {
      "version": "https://registry.npm.taobao.org/lodash/download/lodash-4.17.4.tgz",
      "integrity": "sha1-eCA6TRwyiuHYbcpkYONptX9AVa4="
    },
    "lodash._baseassign": {
      "version": "3.2.0",
      "resolved": "http://registry.npm.taobao.org/lodash._baseassign/download/lodash._baseassign-3.2.0.tgz",
      "integrity": "sha1-jDigmVAPIVrQnlnxci/QxSv+Ck4=",
      "dev": true
    },
    "lodash._basecopy": {
      "version": "3.0.1",
      "resolved": "http://registry.npm.taobao.org/lodash._basecopy/download/lodash._basecopy-3.0.1.tgz",
      "integrity": "sha1-jaDmqHbPNEwK2KVIghEd08XHyjY=",
      "dev": true
    },
    "lodash._basecreate": {
      "version": "3.0.3",
      "resolved": "http://registry.npm.taobao.org/lodash._basecreate/download/lodash._basecreate-3.0.3.tgz",
      "integrity": "sha1-G8ZhYU2qf8MRt9A78WgGoCE8+CE=",
      "dev": true
    },
    "lodash._getnative": {
      "version": "3.9.1",
      "resolved": "http://registry.npm.taobao.org/lodash._getnative/download/lodash._getnative-3.9.1.tgz",
      "integrity": "sha1-VwvH3t5G1hzc3mh9ZdPuy6o6r/U=",
      "dev": true
    },
    "lodash._isiterateecall": {
      "version": "3.0.9",
      "resolved": "http://registry.npm.taobao.org/lodash._isiterateecall/download/lodash._isiterateecall-3.0.9.tgz",
      "integrity": "sha1-UgOte6Ql+uhCRg5pbbnPPmqsBXw=",
      "dev": true
    },
    "lodash.create": {
      "version": "3.1.1",
      "resolved": "http://registry.npm.taobao.org/lodash.create/download/lodash.create-3.1.1.tgz",
      "integrity": "sha1-1/KEnw29p+BGgruM1yqwIkYd6+c=",
      "dev": true
    },
    "lodash.isarguments": {
      "version": "3.1.0",
      "resolved": "http://registry.npm.taobao.org/lodash.isarguments/download/lodash.isarguments-3.1.0.tgz",
      "integrity": "sha1-L1c9hcaiQon/AGY7SRwdM4/zRYo=",
      "dev": true
    },
    "lodash.isarray": {
      "version": "3.0.4",
      "resolved": "http://registry.npm.taobao.org/lodash.isarray/download/lodash.isarray-3.0.4.tgz",
      "integrity": "sha1-eeTriMNqgSKvhvhEqpvNhRtfu1U=",
      "dev": true
    },
    "lodash.keys": {
      "version": "3.1.2",
      "resolved": "http://registry.npm.taobao.org/lodash.keys/download/lodash.keys-3.1.2.tgz",
      "integrity": "sha1-TbwEcrFWvlCgsoaFXRvQsMZWCYo=",
      "dev": true
    },
    "lru-cache": {
      "version": "3.2.0",
      "resolved": "http://registry.npm.taobao.org/lru-cache/download/lru-cache-3.2.0.tgz",
      "integrity": "sha1-cXibO39Tmb7IVl3aOKow0qCX7+4="
    },
    "minimatch": {
      "version": "3.0.4",
      "resolved": "http://registry.npm.taobao.org/minimatch/download/minimatch-3.0.4.tgz",
      "integrity": "sha1-UWbihkV/AzBgZL5Ul+jbsMPTIIM="
    },
    "minimist": {
      "version": "0.0.8",
      "resolved": "http://registry.npm.taobao.org/minimist/download/minimist-0.0.8.tgz",
      "integrity": "sha1-hX/Kv8M5fSYluCKCYuhqp6ARsF0="
    },
    "mkdirp": {
      "version": "0.5.1",
      "resolved": "http://registry.npm.taobao.org/mkdirp/download/mkdirp-0.5.1.tgz",
      "integrity": "sha1-MAV0OOrGz3+MR2fzhkjWaX11yQM="
    },
    "mocha": {
      "version": "3.4.2",
      "resolved": "http://registry.npm.taobao.org/mocha/download/mocha-3.4.2.tgz",
      "integrity": "sha1-0O9NMyEm2/GNDWQMmzgt1IvpdZQ=",
      "dev": true
    },
    "ms": {
      "version": "0.7.2",
      "resolved": "http://registry.npm.taobao.org/ms/download/ms-0.7.2.tgz",
      "integrity": "sha1-riXPJRKziFodldfwN4aNhDESR2U="
    },
    "nopt": {
      "version": "3.0.6",
      "resolved": "http://registry.npm.taobao.org/nopt/download/nopt-3.0.6.tgz",
      "integrity": "sha1-xkZdvwirzU2zWTF/eaxopkayj/k="
    },
    "once": {
      "version": "1.4.0",
      "resolved": "http://registry.npm.taobao.org/once/download/once-1.4.0.tgz",
      "integrity": "sha1-WDsap3WWHUsROsF9nFC6753Xa9E="
    },
    "path-is-absolute": {
      "version": "1.0.1",
      "resolved": "http://registry.npm.taobao.org/path-is-absolute/download/path-is-absolute-1.0.1.tgz",
      "integrity": "sha1-F0uSaHNVNP+8es5r9TpanhtcX18="
    },
    "proto-list": {
      "version": "1.2.4",
      "resolved": "http://registry.npm.taobao.org/proto-list/download/proto-list-1.2.4.tgz",
      "integrity": "sha1-IS1b/hMYMGpCD2QCuOJv85ZHqEk="
    },
    "pseudomap": {
      "version": "1.0.2",
      "resolved": "http://registry.npm.taobao.org/pseudomap/download/pseudomap-1.0.2.tgz",
      "integrity": "sha1-8FKijacOYYkX7wqKw0wa5aaChrM="
    },
    "sax": {
      "version": "0.5.8",
      "resolved": "http://registry.npm.taobao.org/sax/download/sax-0.5.8.tgz",
      "integrity": "sha1-1HLbIo6zMcJQaw6MFVJK25OdEsE="
    },
    "sigmund": {
      "version": "1.0.1",
      "resolved": "http://registry.npm.taobao.org/sigmund/download/sigmund-1.0.1.tgz",
      "integrity": "sha1-P/IfGYytIXX587eBhT/ZTQ0ZtZA="
    },
    "source-map": {
      "version": "0.5.6",
      "resolved": "http://registry.npm.taobao.org/source-map/download/source-map-0.5.6.tgz",
      "integrity": "sha1-dc449SvwczxafwwRjYEzSiu19BI=",
      "dev": true
    },
    "source-map-support": {
      "version": "0.4.15",
      "resolved": "http://registry.npm.taobao.org/source-map-support/download/source-map-support-0.4.15.tgz",
      "integrity": "sha1-AyAt9lwG0r2MfsI2KhkwVv7407E=",
      "dev": true
    },
    "stylus": {
      "version": "0.54.5",
      "resolved": "http://registry.npm.taobao.org/stylus/download/stylus-0.54.5.tgz",
      "integrity": "sha1-QrlWCTHKcJDOhRWnmLqeaqPW3Hk=",
      "dependencies": {
        "glob": {
          "version": "7.0.6",
          "resolved": "http://registry.npm.taobao.org/glob/download/glob-7.0.6.tgz",
          "integrity": "sha1-IRuvr0nlJbjNkyYNFKsTYVKz9Xo="
        },
        "source-map": {
          "version": "0.1.43",
          "resolved": "http://registry.npm.taobao.org/source-map/download/source-map-0.1.43.tgz",
          "integrity": "sha1-wkvBRspRfBRx9drL4lcbK3+eM0Y="
        }
      }
    },
    "supports-color": {
      "version": "3.1.2",
      "resolved": "http://registry.npm.taobao.org/supports-color/download/supports-color-3.1.2.tgz",
      "integrity": "sha1-cqJiiU2dQIuVbKBf83su2KbiotU=",
      "dev": true
    },
    "typescript": {
      "version": "2.3.4",
      "resolved": "http://registry.npm.taobao.org/typescript/download/typescript-2.3.4.tgz",
      "integrity": "sha1-PTgyGCgjHkNPKHUUlZw3qCtin0I="
    },
    "vscode-css-languageservice": {
      "version": "https://registry.npm.taobao.org/vscode-css-languageservice/download/vscode-css-languageservice-2.1.0.tgz",
      "integrity": "sha1-rRqB4ZC2DEi86UY8offpCVDAo/s="
    },
    "vscode-jsonrpc": {
      "version": "https://registry.npmjs.org/vscode-jsonrpc/-/vscode-jsonrpc-3.2.0.tgz",
      "integrity": "sha1-ySuUasOFyLQUObhCtr0H1Re2Sn0="
    },
    "vscode-languageserver": {
      "version": "https://registry.npm.taobao.org/vscode-languageserver/download/vscode-languageserver-3.2.2.tgz",
      "integrity": "sha1-mntm4SUoOOpRoAYRRQiaK4ipUWo="
    },
    "vscode-languageserver-types": {
      "version": "https://registry.npmjs.org/vscode-languageserver-types/-/vscode-languageserver-types-3.2.0.tgz",
      "integrity": "sha1-iHTtktv6Zt9fsOK/c/YUz5SDvo8="
    },
    "vscode-nls": {
      "version": "https://registry.npmjs.org/vscode-nls/-/vscode-nls-2.0.2.tgz",
      "integrity": "sha1-gIUiOAhEuK0VNJmvXDsDkhrqAto="
    },
    "vscode-uri": {
      "version": "https://registry.npmjs.org/vscode-uri/-/vscode-uri-1.0.0.tgz",
      "integrity": "sha1-BzaeLQlr/kK0Br0hhgtapP56etA="
    },
    "vue-template-compiler": {
      "version": "https://registry.npm.taobao.org/vue-template-compiler/download/vue-template-compiler-2.3.3.tgz",
      "integrity": "sha1-tbq57FcwnJBrgqeMgaAhedvC9HA="
    },
    "wrappy": {
      "version": "1.0.2",
      "resolved": "http://registry.npm.taobao.org/wrappy/download/wrappy-1.0.2.tgz",
      "integrity": "sha1-tSQ9jz7BqjXxNkYFvA0QNuMKtp8="
    }
  }
}
