# THIS IS AN AUTOGENERATED FILE. DO NOT EDIT THIS FILE DIRECTLY.
# yarn lockfile v1


"@types/node@^6.0.51":
  version "6.0.52"
  resolved "https://registry.yarnpkg.com/@types/node/-/node-6.0.52.tgz#1ac3a99b42320f9e463482f25af4c2359473aaa6"

typescript@^2.1.4:
  version "2.1.4"
  resolved "https://registry.yarnpkg.com/typescript/-/typescript-2.1.4.tgz#b53b69fb841126acb1dd4b397d21daba87572251"

vscode-css-languageservice@^2.0.0-next.6:
  version "2.0.0-next.6"
  resolved "https://registry.yarnpkg.com/vscode-css-languageservice/-/vscode-css-languageservice-2.0.0-next.6.tgz#b3a0c0ff1cb236586436b178e5c91bb4c9ea34d5"
  dependencies:
    vscode-languageserver-types "3.0.1-alpha.2"
    vscode-nls "^1.0.4"

vscode-html-languageservice@^2.0.0-next.3:
  version "2.0.0-next.3"
  resolved "https://registry.yarnpkg.com/vscode-html-languageservice/-/vscode-html-languageservice-2.0.0-next.3.tgz#71683cc6fe71a3da9889a456840a6086c88517ee"
  dependencies:
    vscode-languageserver-types "^3.0.1-alpha.2"
    vscode-nls "^1.0.7"
    vscode-uri "^1.0.0"

vscode-jsonrpc@^3.0.1-alpha.2:
  version "3.0.1-alpha.7"
  resolved "https://registry.yarnpkg.com/vscode-jsonrpc/-/vscode-jsonrpc-3.0.1-alpha.7.tgz#1911626921848c5c6342f047e282acc562debac3"

vscode-languageserver-types@3.0.1-alpha.2:
  version "3.0.1-alpha.2"
  resolved "https://registry.yarnpkg.com/vscode-languageserver-types/-/vscode-languageserver-types-3.0.1-alpha.2.tgz#dcb949ff7b10884e252cc9dd4902f6f95430a58b"

vscode-languageserver-types@^3.0.1-alpha.2:
  version "3.0.1-alpha.9"
  resolved "https://registry.yarnpkg.com/vscode-languageserver-types/-/vscode-languageserver-types-3.0.1-alpha.9.tgz#9c9a94aab6780bc5467e11fdecce8941be813773"

vscode-languageserver@3.0.1-alpha.2:
  version "3.0.1-alpha.2"
  resolved "https://registry.yarnpkg.com/vscode-languageserver/-/vscode-languageserver-3.0.1-alpha.2.tgz#a89dcaec7c8bab83f54c4cc71070d7136954bd05"
  dependencies:
    vscode-jsonrpc "^3.0.1-alpha.2"
    vscode-languageserver-types "^3.0.1-alpha.2"

vscode-nls@^1.0.4, vscode-nls@^1.0.7:
  version "1.0.7"
  resolved "https://registry.yarnpkg.com/vscode-nls/-/vscode-nls-1.0.7.tgz#298c01fce87802c644c0a15ef526a33c62c0d58e"

vscode-uri@^1.0.0:
  version "1.0.0"
  resolved "https://registry.yarnpkg.com/vscode-uri/-/vscode-uri-1.0.0.tgz#07369e2d096bfe42b406bd21860b5aa4fe7a7ad0"
