# THIS IS AN AUTOGENERATED FILE. DO NOT EDIT THIS FILE DIRECTLY.
# yarn lockfile v1


"@vue/compiler-core@3.0.0-alpha.2":
  version "3.0.0-alpha.2"
  resolved "https://registry.yarnpkg.com/@vue/compiler-core/-/compiler-core-3.0.0-alpha.2.tgz#c37e7b3df56e8c37c7a4085f24a0c4f76e93119e"
  integrity sha512-BJAnc5NKl69Hs7X+W+i0mvu/FksgLvN4tIuXlPAmOKI1bBROTontNtqL6Dq+mZ3yu+eeIw8pM6s0gminDnCojg==
  dependencies:
    acorn "^7.1.0"
    estree-walker "^0.8.1"
    source-map "^0.6.1"

"@vue/compiler-dom@3.0.0-alpha.2":
  version "3.0.0-alpha.2"
  resolved "https://registry.yarnpkg.com/@vue/compiler-dom/-/compiler-dom-3.0.0-alpha.2.tgz#76b0b77026e05831c8ca6aab9f90807843f45013"
  integrity sha512-BeKtdWi253njQy2SxvNH8iNdtnBctUIbjRbEOXC/2KDOPo6lwrgHNWjHxS43kX0aBM6qJa11w+jzfcCcpQ4yVQ==
  dependencies:
    "@vue/compiler-core" "3.0.0-alpha.2"

"@vue/reactivity@3.0.0-alpha.2":
  version "3.0.0-alpha.2"
  resolved "https://registry.yarnpkg.com/@vue/reactivity/-/reactivity-3.0.0-alpha.2.tgz#8d0b235652f1834236325c36ea0ba419e06df423"
  integrity sha512-uUQmNHR2mc2XPwY9stm0WuYCzZ0JEiAdtMNNFbdiIrgbbpFY5EYQEebXojmw4f13AhErUasB9dPPqBPxyGft3A==

"@vue/runtime-core@3.0.0-alpha.2":
  version "3.0.0-alpha.2"
  resolved "https://registry.yarnpkg.com/@vue/runtime-core/-/runtime-core-3.0.0-alpha.2.tgz#574af742f13cfc691eab9247d3d23e8db59f1f83"
  integrity sha512-wyzZ69B4fO6pawN7Z/thLnWOwhymJ8eE45mO8VGjRWi91RbC70X+tDrjUhsVQBTDJy9C9YkimBtDhBAy/cREIw==
  dependencies:
    "@vue/reactivity" "3.0.0-alpha.2"

"@vue/runtime-dom@3.0.0-alpha.2":
  version "3.0.0-alpha.2"
  resolved "https://registry.yarnpkg.com/@vue/runtime-dom/-/runtime-dom-3.0.0-alpha.2.tgz#16d0cf1ce4ff806d7e1ef8c16aaf869093c8ebbd"
  integrity sha512-YQexi68NcGH0miaSDVZ7TlMIjO/m8tlOKKw+2ze4TeEyHAb5cXq/pfeqs6JvnLKvZ53ThtG18Uuku4pDmt8bWw==
  dependencies:
    "@vue/runtime-core" "3.0.0-alpha.2"
    csstype "^2.6.8"

acorn@^7.1.0:
  version "7.1.1"
  resolved "https://registry.yarnpkg.com/acorn/-/acorn-7.1.1.tgz#e35668de0b402f359de515c5482a1ab9f89a69bf"
  integrity sha512-add7dgA5ppRPxCFJoAGfMDi7PIBXq1RtGo7BhbLaxwrXPOmw8gq48Y9ozT01hUKy9byMjlR20EJhu5zlkErEkg==

csstype@^2.6.8:
  version "2.6.8"
  resolved "https://registry.yarnpkg.com/csstype/-/csstype-2.6.8.tgz#0fb6fc2417ffd2816a418c9336da74d7f07db431"
  integrity sha512-msVS9qTuMT5zwAGCVm4mxfrZ18BNc6Csd0oJAtiFMZ1FAx1CCvy2+5MDmYoix63LM/6NDbNtodCiGYGmFgO0dA==

estree-walker@^0.8.1:
  version "0.8.1"
  resolved "https://registry.yarnpkg.com/estree-walker/-/estree-walker-0.8.1.tgz#6230ce2ec9a5cb03888afcaf295f97d90aa52b79"
  integrity sha512-H6cJORkqvrNziu0KX2hqOMAlA2CiuAxHeGJXSIoKA/KLv229Dw806J3II6mKTm5xiDX1At1EXCfsOQPB+tMB+g==

source-map@^0.6.1:
  version "0.6.1"
  resolved "https://registry.yarnpkg.com/source-map/-/source-map-0.6.1.tgz#74722af32e9614e9c287a8d0bbde48b5e2f1a263"
  integrity sha512-UjgapumWlbMhkBgzT7Ykc5YXUT46F0iKu8SGXq0bcwP5dz/h0Plj6enJqjz1Zbq2l5WaqYnrVbwWOWMyF3F47g==

vue@^3.0.0-alpha.2:
  version "3.0.0-alpha.2"
  resolved "https://registry.yarnpkg.com/vue/-/vue-3.0.0-alpha.2.tgz#98e1769e264110404e7131a4258f23ba554a885b"
  integrity sha512-juu9wygL/NwSTU/ZvsvSoBIoK740MbQLp90nPgCSp8VDxfaDvF8V21SqUbNLrPHy4lLydkiX+OxdH0hrnC8MzQ==
  dependencies:
    "@vue/compiler-dom" "3.0.0-alpha.2"
    "@vue/runtime-dom" "3.0.0-alpha.2"
