# THIS IS AN AUTOGENERATED FILE. DO NOT EDIT THIS FILE DIRECTLY.
# yarn lockfile v1


"@babel/helper-validator-identifier@^7.10.4":
  version "7.10.4"
  resolved "https://registry.yarnpkg.com/@babel/helper-validator-identifier/-/helper-validator-identifier-7.10.4.tgz#a78c7a7251e01f616512d31b10adcf52ada5e0d2"
  integrity sha512-3U9y+43hz7ZM+rzG24Qe2mufW5KhvFg/NhnNph+i9mgCtdTCtMJuI1TMkrIUiK7Ix4PYlRF9I5dhqaLYA/ADXw==

"@babel/parser@^7.10.4":
  version "7.10.5"
  resolved "https://registry.yarnpkg.com/@babel/parser/-/parser-7.10.5.tgz#e7c6bf5a7deff957cec9f04b551e2762909d826b"
  integrity sha512-wfryxy4bE1UivvQKSQDU4/X6dr+i8bctjUjj8Zyt3DQy7NtPizJXT8M52nqpNKL+nq2PW8lxk4ZqLj0fD4B4hQ==

"@babel/types@^7.10.4":
  version "7.10.5"
  resolved "https://registry.yarnpkg.com/@babel/types/-/types-7.10.5.tgz#d88ae7e2fde86bfbfe851d4d81afa70a997b5d15"
  integrity sha512-ixV66KWfCI6GKoA/2H9v6bQdbfXEwwpOdQ8cRvb4F+eyvhlaHxWFMQB4+3d9QFJXZsiiiqVrewNV0DFEQpyT4Q==
  dependencies:
    "@babel/helper-validator-identifier" "^7.10.4"
    lodash "^4.17.19"
    to-fast-properties "^2.0.0"

"@vue/compiler-core@3.0.0-rc.5":
  version "3.0.0-rc.5"
  resolved "https://registry.yarnpkg.com/@vue/compiler-core/-/compiler-core-3.0.0-rc.5.tgz#dd4f1816fcae34a81bc60e584f97993cad284d54"
  integrity sha512-dNz5AObEYg0Oglw3emIsBhTAOVfObrfxDaAzR0UTRDDq+Ohfr6KTSaVQAH88Ym+oa08ZlLZBFc6ARe9doAOIxg==
  dependencies:
    "@babel/parser" "^7.10.4"
    "@babel/types" "^7.10.4"
    "@vue/shared" "3.0.0-rc.5"
    estree-walker "^2.0.1"
    source-map "^0.6.1"

"@vue/compiler-dom@3.0.0-rc.5":
  version "3.0.0-rc.5"
  resolved "https://registry.yarnpkg.com/@vue/compiler-dom/-/compiler-dom-3.0.0-rc.5.tgz#83905e8601123a3654b90fbd80708a16530ce21a"
  integrity sha512-z8n+R1GhFnWuKURLYxfVSEfP7nSNM91qteobxwys55fhlZZuReouMnUwgrn+ois/IL6RdFlT9H+n4+N6yLrdJA==
  dependencies:
    "@vue/compiler-core" "3.0.0-rc.5"
    "@vue/shared" "3.0.0-rc.5"

"@vue/reactivity@3.0.0-rc.5":
  version "3.0.0-rc.5"
  resolved "https://registry.yarnpkg.com/@vue/reactivity/-/reactivity-3.0.0-rc.5.tgz#45cff8d839d7ad130b1e499239090050fdecff13"
  integrity sha512-oe9C+1jtWUdYL/iNc0OPWbwgOk2rOW2uQ+exx3I6Jo6PKOmnAiPkMElalf9vRnO53rnUphVecMp8BlTJvcNgDw==
  dependencies:
    "@vue/shared" "3.0.0-rc.5"

"@vue/runtime-core@3.0.0-rc.5":
  version "3.0.0-rc.5"
  resolved "https://registry.yarnpkg.com/@vue/runtime-core/-/runtime-core-3.0.0-rc.5.tgz#dd59af3a5fc089d1cdc05a657320c0dc17e5c362"
  integrity sha512-MRIWreFigxdRuI2moFociUL5rVBfgYPrT7rWfQ0XfOyW46b+AiuCJyZvgbsRXwkAERfW1Tb/mY5forYjX2thOg==
  dependencies:
    "@vue/reactivity" "3.0.0-rc.5"
    "@vue/shared" "3.0.0-rc.5"

"@vue/runtime-dom@3.0.0-rc.5":
  version "3.0.0-rc.5"
  resolved "https://registry.yarnpkg.com/@vue/runtime-dom/-/runtime-dom-3.0.0-rc.5.tgz#2fd75a1f29b23abf0ffe5ccdedabda11721c5b5b"
  integrity sha512-0jwpO3MBqMToq7qC816Z8Y6G8aN4ZKbv7MupgRaepzxhiK0sXcjLQmOATP3g/NyX52UCBJS4wAwsxidqGnAabA==
  dependencies:
    "@vue/runtime-core" "3.0.0-rc.5"
    "@vue/shared" "3.0.0-rc.5"
    csstype "^2.6.8"

"@vue/shared@3.0.0-rc.5":
  version "3.0.0-rc.5"
  resolved "https://registry.yarnpkg.com/@vue/shared/-/shared-3.0.0-rc.5.tgz#cea2378e3e37363ddc1f5dd158edc9c9b5b3fff0"
  integrity sha512-ZhcgGzBpp+pUzisZgQpM4ctIGgLpYjBj7/rZfbhEPxFHF/BuTV2jmhXvAl8aF9xDAejIcw85xCy92gDSwKtPag==

csstype@^2.6.8:
  version "2.6.11"
  resolved "https://registry.yarnpkg.com/csstype/-/csstype-2.6.11.tgz#452f4d024149ecf260a852b025e36562a253ffc5"
  integrity sha512-l8YyEC9NBkSm783PFTvh0FmJy7s5pFKrDp49ZL7zBGX3fWkO+N4EEyan1qqp8cwPLDcD0OSdyY6hAMoxp34JFw==

estree-walker@^2.0.1:
  version "2.0.1"
  resolved "https://registry.yarnpkg.com/estree-walker/-/estree-walker-2.0.1.tgz#f8e030fb21cefa183b44b7ad516b747434e7a3e0"
  integrity sha512-tF0hv+Yi2Ot1cwj9eYHtxC0jB9bmjacjQs6ZBTj82H8JwUywFuc+7E83NWfNMwHXZc11mjfFcVXPe9gEP4B8dg==

lodash@^4.17.19:
  version "4.17.19"
  resolved "https://registry.yarnpkg.com/lodash/-/lodash-4.17.19.tgz#e48ddedbe30b3321783c5b4301fbd353bc1e4a4b"
  integrity sha512-JNvd8XER9GQX0v2qJgsaN/mzFCNA5BRe/j8JN9d+tWyGLSodKQHKFicdwNYzWwI3wjRnaKPsGj1XkBjx/F96DQ==

source-map@^0.6.1:
  version "0.6.1"
  resolved "https://registry.yarnpkg.com/source-map/-/source-map-0.6.1.tgz#74722af32e9614e9c287a8d0bbde48b5e2f1a263"
  integrity sha512-UjgapumWlbMhkBgzT7Ykc5YXUT46F0iKu8SGXq0bcwP5dz/h0Plj6enJqjz1Zbq2l5WaqYnrVbwWOWMyF3F47g==

to-fast-properties@^2.0.0:
  version "2.0.0"
  resolved "https://registry.yarnpkg.com/to-fast-properties/-/to-fast-properties-2.0.0.tgz#dc5e698cbd079265bc73e0377681a4e4e83f616e"
  integrity sha1-3F5pjL0HkmW8c+A3doGk5Og/YW4=

vue@^3.0.0-rc.5:
  version "3.0.0-rc.5"
  resolved "https://registry.yarnpkg.com/vue/-/vue-3.0.0-rc.5.tgz#973175d45a892b3bd23ef5de7faa4add9c66275f"
  integrity sha512-8t8Y4sHMBGD5iLZ7JfBGmKBJlzesPoL+/nW9EV8s+4LwnKC4rGlRp+Lj2rcign4iQaj0GFaL7DrQ8IoOfVX6+w==
  dependencies:
    "@vue/compiler-dom" "3.0.0-rc.5"
    "@vue/runtime-dom" "3.0.0-rc.5"
    "@vue/shared" "3.0.0-rc.5"
