# THIS IS AN AUTOGENERATED FILE. DO NOT EDIT THIS FILE DIRECTLY.
# yarn lockfile v1


"@babel/helper-validator-identifier@^7.10.4":
  version "7.10.4"
  resolved "https://registry.yarnpkg.com/@babel/helper-validator-identifier/-/helper-validator-identifier-7.10.4.tgz#a78c7a7251e01f616512d31b10adcf52ada5e0d2"
  integrity sha512-3U9y+43hz7ZM+rzG24Qe2mufW5KhvFg/NhnNph+i9mgCtdTCtMJuI1TMkrIUiK7Ix4PYlRF9I5dhqaLYA/ADXw==

"@babel/parser@^7.11.5":
  version "7.11.5"
  resolved "https://registry.yarnpkg.com/@babel/parser/-/parser-7.11.5.tgz#c7ff6303df71080ec7a4f5b8c003c58f1cf51037"
  integrity sha512-X9rD8qqm695vgmeaQ4fvz/o3+Wk4ZzQvSHkDBgpYKxpD4qTAUm88ZKtHkVqIOsYFFbIQ6wQYhC6q7pjqVK0E0Q==

"@babel/types@^7.11.5":
  version "7.11.5"
  resolved "https://registry.yarnpkg.com/@babel/types/-/types-7.11.5.tgz#d9de577d01252d77c6800cee039ee64faf75662d"
  integrity sha512-bvM7Qz6eKnJVFIn+1LPtjlBFPVN5jNDc1XmN15vWe7Q3DPBufWWsLiIvUu7xW87uTG6QoggpIDnUgLQvPheU+Q==
  dependencies:
    "@babel/helper-validator-identifier" "^7.10.4"
    lodash "^4.17.19"
    to-fast-properties "^2.0.0"

"@vue/compiler-core@3.0.0-rc.13":
  version "3.0.0-rc.13"
  resolved "https://registry.yarnpkg.com/@vue/compiler-core/-/compiler-core-3.0.0-rc.13.tgz#bec6812c4ce9e9b41210deaf8d05652feb50f1e5"
  integrity sha512-bVtg7iilAE8uq+WvR4JN+vtzQWX+yjKHNG5Un0ar6M9WbphydGY9C0y1whKjRbKn/7U+evUh1MJ2hV2q3GBrSQ==
  dependencies:
    "@babel/parser" "^7.11.5"
    "@babel/types" "^7.11.5"
    "@vue/shared" "3.0.0-rc.13"
    estree-walker "^2.0.1"
    source-map "^0.6.1"

"@vue/compiler-dom@3.0.0-rc.13":
  version "3.0.0-rc.13"
  resolved "https://registry.yarnpkg.com/@vue/compiler-dom/-/compiler-dom-3.0.0-rc.13.tgz#dc00b10c19a9d03a5302046de84daa5b1096d4cb"
  integrity sha512-D0x6cZFiDfz+rcmWSgvgxjhVQOADMmQy7kcbft3u5nlTurZaztBNBz7pwHYi57/z3FjhzyclpDf0daOrRvph4A==
  dependencies:
    "@vue/compiler-core" "3.0.0-rc.13"
    "@vue/shared" "3.0.0-rc.13"

"@vue/reactivity@3.0.0-rc.13":
  version "3.0.0-rc.13"
  resolved "https://registry.yarnpkg.com/@vue/reactivity/-/reactivity-3.0.0-rc.13.tgz#3e7eebb438249a09b74b74e33d6a0e02970a000a"
  integrity sha512-I4E9/3ZGejuNfUbpbgtWWDGas3qIGqqvjUeMEuDGbJfaUluZauSKXPRKjfGPz+esmgwvGAWjkcFeyyiYY4RSNQ==
  dependencies:
    "@vue/shared" "3.0.0-rc.13"

"@vue/runtime-core@3.0.0-rc.13":
  version "3.0.0-rc.13"
  resolved "https://registry.yarnpkg.com/@vue/runtime-core/-/runtime-core-3.0.0-rc.13.tgz#e4ea95304aa33391696822c52b07a932fddf1d26"
  integrity sha512-N5xGV6s/LaXybNt81XdBdil6exMoI1HPd0FeURnmhHfUizI41xq4yrWO+Yi44XO+R8xFcfxYECBaPqk0jPLgsg==
  dependencies:
    "@vue/reactivity" "3.0.0-rc.13"
    "@vue/shared" "3.0.0-rc.13"

"@vue/runtime-dom@3.0.0-rc.13":
  version "3.0.0-rc.13"
  resolved "https://registry.yarnpkg.com/@vue/runtime-dom/-/runtime-dom-3.0.0-rc.13.tgz#e82e67a4b099e7b8ec259693b79fadd525955d8a"
  integrity sha512-o3Y9qlS3w8gqaj/vc99Z0DA2yETQFH8Q+qvxZstvRTEOYGEzxualIkBpCBXkPEXVSaing3Gbd4wso764RUZjkQ==
  dependencies:
    "@vue/runtime-core" "3.0.0-rc.13"
    "@vue/shared" "3.0.0-rc.13"
    csstype "^2.6.8"

"@vue/shared@3.0.0-rc.13":
  version "3.0.0-rc.13"
  resolved "https://registry.yarnpkg.com/@vue/shared/-/shared-3.0.0-rc.13.tgz#2ec450daa7eae752da38da41a5b1c84056b10b7e"
  integrity sha512-8zEVHmffW1P8Wlt8P63N+zKJrmzL6y0P2P6biWdl4CI9E5QVKlbOEYl7i+tU/dpa6oLj6nEzBxUCwA7UHvcPkw==

csstype@^2.6.8:
  version "2.6.13"
  resolved "https://registry.yarnpkg.com/csstype/-/csstype-2.6.13.tgz#a6893015b90e84dd6e85d0e3b442a1e84f2dbe0f"
  integrity sha512-ul26pfSQTZW8dcOnD2iiJssfXw0gdNVX9IJDH/X3K5DGPfj+fUYe3kB+swUY6BF3oZDxaID3AJt+9/ojSAE05A==

estree-walker@^2.0.1:
  version "2.0.1"
  resolved "https://registry.yarnpkg.com/estree-walker/-/estree-walker-2.0.1.tgz#f8e030fb21cefa183b44b7ad516b747434e7a3e0"
  integrity sha512-tF0hv+Yi2Ot1cwj9eYHtxC0jB9bmjacjQs6ZBTj82H8JwUywFuc+7E83NWfNMwHXZc11mjfFcVXPe9gEP4B8dg==

lodash@^4.17.19:
  version "4.17.21"
  resolved "https://registry.yarnpkg.com/lodash/-/lodash-4.17.21.tgz#679591c564c3bffaae8454cf0b3df370c3d6911c"
  integrity sha512-v2kDEe57lecTulaDIuNTPy3Ry4gLGJ6Z1O3vE1krgXZNrsQ+LFTGHVxVjcXPs17LhbZVGedAJv8XZ1tvj5FvSg==

source-map@^0.6.1:
  version "0.6.1"
  resolved "https://registry.yarnpkg.com/source-map/-/source-map-0.6.1.tgz#74722af32e9614e9c287a8d0bbde48b5e2f1a263"
  integrity sha512-UjgapumWlbMhkBgzT7Ykc5YXUT46F0iKu8SGXq0bcwP5dz/h0Plj6enJqjz1Zbq2l5WaqYnrVbwWOWMyF3F47g==

to-fast-properties@^2.0.0:
  version "2.0.0"
  resolved "https://registry.yarnpkg.com/to-fast-properties/-/to-fast-properties-2.0.0.tgz#dc5e698cbd079265bc73e0377681a4e4e83f616e"
  integrity sha1-3F5pjL0HkmW8c+A3doGk5Og/YW4=

vue-class-component@^8.0.0-rc.1:
  version "8.0.0-rc.1"
  resolved "https://registry.yarnpkg.com/vue-class-component/-/vue-class-component-8.0.0-rc.1.tgz#db692cd97656eb9a08206c03d0b7398cdb1d9420"
  integrity sha512-w1nMzsT/UdbDAXKqhwTmSoyuJzUXKrxLE77PCFVuC6syr8acdFDAq116xgvZh9UCuV0h+rlCtxXolr3Hi3HyPQ==

vue@^3.0.0-rc.13:
  version "3.0.0-rc.13"
  resolved "https://registry.yarnpkg.com/vue/-/vue-3.0.0-rc.13.tgz#b3aa1c3e8a5122ce7b5a02e003dbac3d83987eee"
  integrity sha512-xCW8EAVSMdU7z+3BWBFV9hO36Tg6vN25fYN6agC6/z/3JlAyo0hVqQtqmGaDAHVlO110rPowfkGIWqStPhTdcw==
  dependencies:
    "@vue/compiler-dom" "3.0.0-rc.13"
    "@vue/runtime-dom" "3.0.0-rc.13"
    "@vue/shared" "3.0.0-rc.13"
