# THIS IS AN AUTOGENERATED FILE. DO NOT EDIT THIS FILE DIRECTLY.
# yarn lockfile v1


"@babel/helper-validator-identifier@^7.10.4":
  version "7.10.4"
  resolved "https://registry.yarnpkg.com/@babel/helper-validator-identifier/-/helper-validator-identifier-7.10.4.tgz#a78c7a7251e01f616512d31b10adcf52ada5e0d2"
  integrity sha512-3U9y+43hz7ZM+rzG24Qe2mufW5KhvFg/NhnNph+i9mgCtdTCtMJuI1TMkrIUiK7Ix4PYlRF9I5dhqaLYA/ADXw==

"@babel/parser@^7.12.0":
  version "7.12.7"
  resolved "https://registry.yarnpkg.com/@babel/parser/-/parser-7.12.7.tgz#fee7b39fe809d0e73e5b25eecaf5780ef3d73056"
  integrity sha512-oWR02Ubp4xTLCAqPRiNIuMVgNO5Aif/xpXtabhzW2HWUD47XJsAB4Zd/Rg30+XeQA3juXigV7hlquOTmwqLiwg==

"@babel/types@^7.12.0":
  version "7.12.7"
  resolved "https://registry.yarnpkg.com/@babel/types/-/types-7.12.7.tgz#6039ff1e242640a29452c9ae572162ec9a8f5d13"
  integrity sha512-MNyI92qZq6jrQkXvtIiykvl4WtoRrVV9MPn+ZfsoEENjiWcBQ3ZSHrkxnJWgWtLX3XXqX5hrSQ+X69wkmesXuQ==
  dependencies:
    "@babel/helper-validator-identifier" "^7.10.4"
    lodash "^4.17.19"
    to-fast-properties "^2.0.0"

"@vue/compiler-core@3.0.3":
  version "3.0.3"
  resolved "https://registry.yarnpkg.com/@vue/compiler-core/-/compiler-core-3.0.3.tgz#dbb4d5eb91f294038f0bed170a1c25f59f7dc74f"
  integrity sha512-iWlRT8RYLmz7zkg84pTOriNUzjH7XACWN++ImFkskWXWeev29IKi7p76T9jKDaMZoPiGcUZ0k9wayuASWVxOwg==
  dependencies:
    "@babel/parser" "^7.12.0"
    "@babel/types" "^7.12.0"
    "@vue/shared" "3.0.3"
    estree-walker "^2.0.1"
    source-map "^0.6.1"

"@vue/compiler-dom@3.0.3":
  version "3.0.3"
  resolved "https://registry.yarnpkg.com/@vue/compiler-dom/-/compiler-dom-3.0.3.tgz#582ba30bc82da8409868bc1153ff0e0e2be617e5"
  integrity sha512-6GdUbDPjsc0MDZGAgpi4lox+d+aW9/brscwBOLOFfy9wcI9b6yLPmBbjdIsJq3pYdJWbdvACdJ77avBBdHEP8A==
  dependencies:
    "@vue/compiler-core" "3.0.3"
    "@vue/shared" "3.0.3"

"@vue/reactivity@3.0.3":
  version "3.0.3"
  resolved "https://registry.yarnpkg.com/@vue/reactivity/-/reactivity-3.0.3.tgz#681ee01ceff9219bc4da6bbb7d9c97d452e44d1d"
  integrity sha512-t39Qmc42MX7wJtf8L6tHlu17eP9Rc5w4aRnxpLHNWoaRxddv/7FBhWqusJ2Bwkk8ixFHOQeejcLMt5G469WYJw==
  dependencies:
    "@vue/shared" "3.0.3"

"@vue/runtime-core@3.0.3":
  version "3.0.3"
  resolved "https://registry.yarnpkg.com/@vue/runtime-core/-/runtime-core-3.0.3.tgz#edab3c9ad122cf8afd034b174cd20c073fbf950a"
  integrity sha512-Fd1JVnYI6at0W/2ERwJuTSq4S22gNt8bKEbICcvCAac7hJUZ1rylThlrhsvrgA+DVkWU01r0niNZQ4UddlNw7g==
  dependencies:
    "@vue/reactivity" "3.0.3"
    "@vue/shared" "3.0.3"

"@vue/runtime-dom@3.0.3":
  version "3.0.3"
  resolved "https://registry.yarnpkg.com/@vue/runtime-dom/-/runtime-dom-3.0.3.tgz#5e3e5e5418b9defcac988d2be0cf65596fa2cc03"
  integrity sha512-ytTvSlRaEYvLQUkkpruIBizWIwuIeHER0Ch/evO6kUaPLjZjX3NerVxA40cqJx8rRjb9keQso21U2Jcpk8GsTg==
  dependencies:
    "@vue/runtime-core" "3.0.3"
    "@vue/shared" "3.0.3"
    csstype "^2.6.8"

"@vue/shared@3.0.3":
  version "3.0.3"
  resolved "https://registry.yarnpkg.com/@vue/shared/-/shared-3.0.3.tgz#ef12ebff93a446df281e8a0fd765b5aea8e7745b"
  integrity sha512-yGgkF7u4W0Dmwri9XdeY50kOowN4UIX7aBQ///jbxx37itpzVjK7QzvD3ltQtPfWaJDGBfssGL0wpAgwX9OJpQ==

csstype@^2.6.8:
  version "2.6.14"
  resolved "https://registry.yarnpkg.com/csstype/-/csstype-2.6.14.tgz#004822a4050345b55ad4dcc00be1d9cf2f4296de"
  integrity sha512-2mSc+VEpGPblzAxyeR+vZhJKgYg0Og0nnRi7pmRXFYYxSfnOnW8A5wwQb4n4cE2nIOzqKOAzLCaEX6aBmNEv8A==

estree-walker@^2.0.1:
  version "2.0.1"
  resolved "https://registry.yarnpkg.com/estree-walker/-/estree-walker-2.0.1.tgz#f8e030fb21cefa183b44b7ad516b747434e7a3e0"
  integrity sha512-tF0hv+Yi2Ot1cwj9eYHtxC0jB9bmjacjQs6ZBTj82H8JwUywFuc+7E83NWfNMwHXZc11mjfFcVXPe9gEP4B8dg==

lodash@^4.17.19:
  version "4.17.21"
  resolved "https://registry.yarnpkg.com/lodash/-/lodash-4.17.21.tgz#679591c564c3bffaae8454cf0b3df370c3d6911c"
  integrity sha512-v2kDEe57lecTulaDIuNTPy3Ry4gLGJ6Z1O3vE1krgXZNrsQ+LFTGHVxVjcXPs17LhbZVGedAJv8XZ1tvj5FvSg==

source-map@^0.6.1:
  version "0.6.1"
  resolved "https://registry.yarnpkg.com/source-map/-/source-map-0.6.1.tgz#74722af32e9614e9c287a8d0bbde48b5e2f1a263"
  integrity sha512-UjgapumWlbMhkBgzT7Ykc5YXUT46F0iKu8SGXq0bcwP5dz/h0Plj6enJqjz1Zbq2l5WaqYnrVbwWOWMyF3F47g==

to-fast-properties@^2.0.0:
  version "2.0.0"
  resolved "https://registry.yarnpkg.com/to-fast-properties/-/to-fast-properties-2.0.0.tgz#dc5e698cbd079265bc73e0377681a4e4e83f616e"
  integrity sha1-3F5pjL0HkmW8c+A3doGk5Og/YW4=

vue@^2.6.11:
  version "2.6.12"
  resolved "https://registry.yarnpkg.com/vue/-/vue-2.6.12.tgz#f5ebd4fa6bd2869403e29a896aed4904456c9123"
  integrity sha512-uhmLFETqPPNyuLLbsKz6ioJ4q7AZHzD8ZVFNATNyICSZouqP2Sz0rotWQC8UNBF6VGSCs5abnKJoStA6JbCbfg==

vue@^3.0.0:
  version "3.0.3"
  resolved "https://registry.yarnpkg.com/vue/-/vue-3.0.3.tgz#ad94a475e6ebbf3904673b6a0ae46e47b957bd72"
  integrity sha512-BZG5meD5vLWdvfnRL5WqfDy+cnXO1X/SweModGUna78bdFPZW6+ZO1tU9p0acrskX3DKFcfSp2s4SZnMjABx6w==
  dependencies:
    "@vue/compiler-dom" "3.0.3"
    "@vue/runtime-dom" "3.0.3"
    "@vue/shared" "3.0.3"
